
Microsoft Visual Studio Solution File, Format Version 12.00
Project("{2150E333-8FDC-42A3-9474-1A3956D46DE8}") = "Fetchers", "Fetchers", "{57D0DF98-1909-400E-A5D9-695FE4827BE3}"
EndProject
Project("{2150E333-8FDC-42A3-9474-1A3956D46DE8}") = "Api", "Api", "{0B9692C1-1C5B-44BF-8B82-58EABB4158E5}"
EndProject
Project("{FAE04EC0-301F-11D3-BF4B-00C04F79EFBC}") = "Uniswap.Statistics.Api.Core", "Uniswap.Statistics.Api.Core\Uniswap.Statistics.Api.Core.csproj", "{E44DB2B4-6DAC-40FA-B231-A1B8AE4FC6A1}"
EndProject
Project("{FAE04EC0-301F-11D3-BF4B-00C04F79EFBC}") = "Uniswap.Statistics.Api", "Uniswap.Statistics.Api\Uniswap.Statistics.Api.csproj", "{AE88251E-BA98-4886-B97B-035B5E533802}"
EndProject
Project("{FAE04EC0-301F-11D3-BF4B-00C04F79EFBC}") = "Uniswap.SmartContracts", "Uniswap.SmartContracts\Uniswap.SmartContracts.csproj", "{93E47897-0AFD-4728-BB22-31B01E4538A5}"
EndProject
Project("{FAE04EC0-301F-11D3-BF4B-00C04F79EFBC}") = "Uniswap.Fetchers", "Uniswap.Fetchers\Uniswap.Fetchers.csproj", "{6F10F271-705D-4FDF-B326-1AA2DBEDE635}"
EndProject
Project("{2150E333-8FDC-42A3-9474-1A3956D46DE8}") = "Common", "Common", "{A69444E2-9405-436E-8C1F-5014904F8FE8}"
EndProject
Project("{FAE04EC0-301F-11D3-BF4B-00C04F79EFBC}") = "Uniswap.Fetchers.Core", "Uniswap.Fetchers.Core\Uniswap.Fetchers.Core.csproj", "{F10C92FC-CB2E-4246-A743-6CFDC9F29D0E}"
EndProject
Project("{FAE04EC0-301F-11D3-BF4B-00C04F79EFBC}") = "Uniswap.Fetchers.Infrastructure.Mongo", "Uniswap.Fetchers.Infrastructure.Mongo\Uniswap.Fetchers.Infrastructure.Mongo.csproj", "{F320AAD0-CDED-4811-A74C-C02E11B8234A}"
EndProject
Project("{FAE04EC0-301F-11D3-BF4B-00C04F79EFBC}") = "Uniswap.Common", "Uniswap.Common\Uniswap.Common.csproj", "{B7C4C347-99F7-46DC-B130-FB4A49A896BD}"
EndProject
Project("{FAE04EC0-301F-11D3-BF4B-00C04F79EFBC}") = "Uniswap.Data", "Uniswap.Data\Uniswap.Data.csproj", "{FD559AA0-C835-499D-9344-B2F7A25768AD}"
EndProject
Project("{FAE04EC0-301F-11D3-BF4B-00C04F79EFBC}") = "Uniswap.Data.Mongo", "Uniswap.Data.Mongo\Uniswap.Data.Mongo.csproj", "{CF554DF5-AF52-4C0E-8AF4-0538D9A77C77}"
EndProject
Project("{2150E333-8FDC-42A3-9474-1A3956D46DE8}") = "Tests", "Tests", "{6954F3CA-01AB-450F-B0CD-4DF652D52E50}"
EndProject
Project("{FAE04EC0-301F-11D3-BF4B-00C04F79EFBC}") = "Uniswap.Statistics.Api.Core.Tests", "Uniswap.Statistics.Api.Core.Tests\Uniswap.Statistics.Api.Core.Tests.csproj", "{4404BD57-E5F2-42C1-89C3-D722B3E961A2}"
EndProject
Global
	GlobalSection(SolutionConfigurationPlatforms) = preSolution
		Debug|Any CPU = Debug|Any CPU
		Release|Any CPU = Release|Any CPU
	EndGlobalSection
	GlobalSection(ProjectConfigurationPlatforms) = postSolution
		{E44DB2B4-6DAC-40FA-B231-A1B8AE4FC6A1}.Debug|Any CPU.ActiveCfg = Debug|Any CPU
		{E44DB2B4-6DAC-40FA-B231-A1B8AE4FC6A1}.Debug|Any CPU.Build.0 = Debug|Any CPU
		{E44DB2B4-6DAC-40FA-B231-A1B8AE4FC6A1}.Release|Any CPU.ActiveCfg = Release|Any CPU
		{E44DB2B4-6DAC-40FA-B231-A1B8AE4FC6A1}.Release|Any CPU.Build.0 = Release|Any CPU
		{AE88251E-BA98-4886-B97B-035B5E533802}.Debug|Any CPU.ActiveCfg = Debug|Any CPU
		{AE88251E-BA98-4886-B97B-035B5E533802}.Debug|Any CPU.Build.0 = Debug|Any CPU
		{AE88251E-BA98-4886-B97B-035B5E533802}.Release|Any CPU.ActiveCfg = Release|Any CPU
		{AE88251E-BA98-4886-B97B-035B5E533802}.Release|Any CPU.Build.0 = Release|Any CPU
		{93E47897-0AFD-4728-BB22-31B01E4538A5}.Debug|Any CPU.ActiveCfg = Debug|Any CPU
		{93E47897-0AFD-4728-BB22-31B01E4538A5}.Debug|Any CPU.Build.0 = Debug|Any CPU
		{93E47897-0AFD-4728-BB22-31B01E4538A5}.Release|Any CPU.ActiveCfg = Release|Any CPU
		{93E47897-0AFD-4728-BB22-31B01E4538A5}.Release|Any CPU.Build.0 = Release|Any CPU
		{6F10F271-705D-4FDF-B326-1AA2DBEDE635}.Debug|Any CPU.ActiveCfg = Debug|Any CPU
		{6F10F271-705D-4FDF-B326-1AA2DBEDE635}.Debug|Any CPU.Build.0 = Debug|Any CPU
		{6F10F271-705D-4FDF-B326-1AA2DBEDE635}.Release|Any CPU.ActiveCfg = Release|Any CPU
		{6F10F271-705D-4FDF-B326-1AA2DBEDE635}.Release|Any CPU.Build.0 = Release|Any CPU
		{F10C92FC-CB2E-4246-A743-6CFDC9F29D0E}.Debug|Any CPU.ActiveCfg = Debug|Any CPU
		{F10C92FC-CB2E-4246-A743-6CFDC9F29D0E}.Debug|Any CPU.Build.0 = Debug|Any CPU
		{F10C92FC-CB2E-4246-A743-6CFDC9F29D0E}.Release|Any CPU.ActiveCfg = Release|Any CPU
		{F10C92FC-CB2E-4246-A743-6CFDC9F29D0E}.Release|Any CPU.Build.0 = Release|Any CPU
		{F320AAD0-CDED-4811-A74C-C02E11B8234A}.Debug|Any CPU.ActiveCfg = Debug|Any CPU
		{F320AAD0-CDED-4811-A74C-C02E11B8234A}.Debug|Any CPU.Build.0 = Debug|Any CPU
		{F320AAD0-CDED-4811-A74C-C02E11B8234A}.Release|Any CPU.ActiveCfg = Release|Any CPU
		{F320AAD0-CDED-4811-A74C-C02E11B8234A}.Release|Any CPU.Build.0 = Release|Any CPU
		{B7C4C347-99F7-46DC-B130-FB4A49A896BD}.Debug|Any CPU.ActiveCfg = Debug|Any CPU
		{B7C4C347-99F7-46DC-B130-FB4A49A896BD}.Debug|Any CPU.Build.0 = Debug|Any CPU
		{B7C4C347-99F7-46DC-B130-FB4A49A896BD}.Release|Any CPU.ActiveCfg = Release|Any CPU
		{B7C4C347-99F7-46DC-B130-FB4A49A896BD}.Release|Any CPU.Build.0 = Release|Any CPU
		{FD559AA0-C835-499D-9344-B2F7A25768AD}.Debug|Any CPU.ActiveCfg = Debug|Any CPU
		{FD559AA0-C835-499D-9344-B2F7A25768AD}.Debug|Any CPU.Build.0 = Debug|Any CPU
		{FD559AA0-C835-499D-9344-B2F7A25768AD}.Release|Any CPU.ActiveCfg = Release|Any CPU
		{FD559AA0-C835-499D-9344-B2F7A25768AD}.Release|Any CPU.Build.0 = Release|Any CPU
		{CF554DF5-AF52-4C0E-8AF4-0538D9A77C77}.Debug|Any CPU.ActiveCfg = Debug|Any CPU
		{CF554DF5-AF52-4C0E-8AF4-0538D9A77C77}.Debug|Any CPU.Build.0 = Debug|Any CPU
		{CF554DF5-AF52-4C0E-8AF4-0538D9A77C77}.Release|Any CPU.ActiveCfg = Release|Any CPU
		{CF554DF5-AF52-4C0E-8AF4-0538D9A77C77}.Release|Any CPU.Build.0 = Release|Any CPU
		{4404BD57-E5F2-42C1-89C3-D722B3E961A2}.Debug|Any CPU.ActiveCfg = Debug|Any CPU
		{4404BD57-E5F2-42C1-89C3-D722B3E961A2}.Debug|Any CPU.Build.0 = Debug|Any CPU
		{4404BD57-E5F2-42C1-89C3-D722B3E961A2}.Release|Any CPU.ActiveCfg = Release|Any CPU
		{4404BD57-E5F2-42C1-89C3-D722B3E961A2}.Release|Any CPU.Build.0 = Release|Any CPU
	EndGlobalSection
	GlobalSection(NestedProjects) = preSolution
		{E44DB2B4-6DAC-40FA-B231-A1B8AE4FC6A1} = {0B9692C1-1C5B-44BF-8B82-58EABB4158E5}
		{AE88251E-BA98-4886-B97B-035B5E533802} = {0B9692C1-1C5B-44BF-8B82-58EABB4158E5}
		{6F10F271-705D-4FDF-B326-1AA2DBEDE635} = {57D0DF98-1909-400E-A5D9-695FE4827BE3}
		{F10C92FC-CB2E-4246-A743-6CFDC9F29D0E} = {57D0DF98-1909-400E-A5D9-695FE4827BE3}
		{F320AAD0-CDED-4811-A74C-C02E11B8234A} = {57D0DF98-1909-400E-A5D9-695FE4827BE3}
		{B7C4C347-99F7-46DC-B130-FB4A49A896BD} = {A69444E2-9405-436E-8C1F-5014904F8FE8}
		{93E47897-0AFD-4728-BB22-31B01E4538A5} = {A69444E2-9405-436E-8C1F-5014904F8FE8}
		{FD559AA0-C835-499D-9344-B2F7A25768AD} = {A69444E2-9405-436E-8C1F-5014904F8FE8}
		{CF554DF5-AF52-4C0E-8AF4-0538D9A77C77} = {A69444E2-9405-436E-8C1F-5014904F8FE8}
		{6954F3CA-01AB-450F-B0CD-4DF652D52E50} = {0B9692C1-1C5B-44BF-8B82-58EABB4158E5}
		{4404BD57-E5F2-42C1-89C3-D722B3E961A2} = {6954F3CA-01AB-450F-B0CD-4DF652D52E50}
	EndGlobalSection
EndGlobal
